
Microsoft Visual Studio Solution File, Format Version 12.00
# Visual Studio Version 16
VisualStudioVersion = 16.0.31321.278
MinimumVisualStudioVersion = 10.0.40219.1
Project("{9A19103F-16F7-4668-BE54-9A1E7A4F7556}") = "UsaagBackend", "UsaagBackend.csproj", "{B62F73DD-1428-4E60-8F7D-C656F540A947}"
EndProject
Project("{E53339B2-1760-4266-BCC7-CA923CBCF16C}") = "docker-compose", "docker-compose.dcproj", "{2B821B89-D383-449C-A092-6739F18EFBB5}"
EndProject
Global
	GlobalSection(SolutionConfigurationPlatforms) = preSolution
		Debug|Any CPU = Debug|Any CPU
		Release|Any CPU = Release|Any CPU
	EndGlobalSection
	GlobalSection(ProjectConfigurationPlatforms) = postSolution
		{B62F73DD-1428-4E60-8F7D-C656F540A947}.Debug|Any CPU.ActiveCfg = Debug|Any CPU
		{B62F73DD-1428-4E60-8F7D-C656F540A947}.Debug|Any CPU.Build.0 = Debug|Any CPU
		{B62F73DD-1428-4E60-8F7D-C656F540A947}.Release|Any CPU.ActiveCfg = Release|Any CPU
		{B62F73DD-1428-4E60-8F7D-C656F540A947}.Release|Any CPU.Build.0 = Release|Any CPU
		{2B821B89-D383-449C-A092-6739F18EFBB5}.Debug|Any CPU.ActiveCfg = Debug|Any CPU
		{2B821B89-D383-449C-A092-6739F18EFBB5}.Debug|Any CPU.Build.0 = Debug|Any CPU
		{2B821B89-D383-449C-A092-6739F18EFBB5}.Release|Any CPU.ActiveCfg = Release|Any CPU
		{2B821B89-D383-449C-A092-6739F18EFBB5}.Release|Any CPU.Build.0 = Release|Any CPU
	EndGlobalSection
	GlobalSection(SolutionProperties) = preSolution
		HideSolutionNode = FALSE
	EndGlobalSection
	GlobalSection(ExtensibilityGlobals) = postSolution
		SolutionGuid = {E3411481-2BC7-4A00-B3B3-015411C236DC}
	EndGlobalSection
EndGlobal
